
Microsoft Visual Studio Solution File, Format Version 12.00
# Visual Studio Version 16
VisualStudioVersion = 16.0.30114.105
MinimumVisualStudioVersion = 10.0.40219.1
Project("{9A19103F-16F7-4668-BE54-9A1E7A4F7556}") = "forum-backend", "forum-backend.csproj", "{C23D6298-AD5E-4DC8-B8A0-64601F32FBA6}"
EndProject
Project("{9A19103F-16F7-4668-BE54-9A1E7A4F7556}") = "UnitTestForum", "..\UnitTestForum\UnitTestForum.csproj", "{88E6D91B-B674-4849-B186-2EF83EE07D07}"
	ProjectSection(ProjectDependencies) = postProject
		{C23D6298-AD5E-4DC8-B8A0-64601F32FBA6} = {C23D6298-AD5E-4DC8-B8A0-64601F32FBA6}
	EndProjectSection
EndProject
Project("{FAE04EC0-301F-11D3-BF4B-00C04F79EFBC}") = "BusinessLogicLayer", "..\BusinessLogicLayer\BusinessLogicLayer.csproj", "{2772EFB7-BA68-4BB5-8F90-61386CEB8312}"
EndProject
Project("{FAE04EC0-301F-11D3-BF4B-00C04F79EFBC}") = "DataAccessLayer", "..\DataAccessLayer\DataAccessLayer.csproj", "{0DF9C704-2D43-4F45-9BAE-563AE65BD13B}"
EndProject
Global
	GlobalSection(SolutionConfigurationPlatforms) = preSolution
		Debug|Any CPU = Debug|Any CPU
		Release|Any CPU = Release|Any CPU
	EndGlobalSection
	GlobalSection(ProjectConfigurationPlatforms) = postSolution
		{C23D6298-AD5E-4DC8-B8A0-64601F32FBA6}.Debug|Any CPU.ActiveCfg = Debug|Any CPU
		{C23D6298-AD5E-4DC8-B8A0-64601F32FBA6}.Debug|Any CPU.Build.0 = Debug|Any CPU
		{C23D6298-AD5E-4DC8-B8A0-64601F32FBA6}.Release|Any CPU.ActiveCfg = Release|Any CPU
		{C23D6298-AD5E-4DC8-B8A0-64601F32FBA6}.Release|Any CPU.Build.0 = Release|Any CPU
		{88E6D91B-B674-4849-B186-2EF83EE07D07}.Debug|Any CPU.ActiveCfg = Debug|Any CPU
		{88E6D91B-B674-4849-B186-2EF83EE07D07}.Debug|Any CPU.Build.0 = Debug|Any CPU
		{88E6D91B-B674-4849-B186-2EF83EE07D07}.Release|Any CPU.ActiveCfg = Release|Any CPU
		{88E6D91B-B674-4849-B186-2EF83EE07D07}.Release|Any CPU.Build.0 = Release|Any CPU
		{2772EFB7-BA68-4BB5-8F90-61386CEB8312}.Debug|Any CPU.ActiveCfg = Debug|Any CPU
		{2772EFB7-BA68-4BB5-8F90-61386CEB8312}.Debug|Any CPU.Build.0 = Debug|Any CPU
		{2772EFB7-BA68-4BB5-8F90-61386CEB8312}.Release|Any CPU.ActiveCfg = Release|Any CPU
		{2772EFB7-BA68-4BB5-8F90-61386CEB8312}.Release|Any CPU.Build.0 = Release|Any CPU
		{0DF9C704-2D43-4F45-9BAE-563AE65BD13B}.Debug|Any CPU.ActiveCfg = Debug|Any CPU
		{0DF9C704-2D43-4F45-9BAE-563AE65BD13B}.Debug|Any CPU.Build.0 = Debug|Any CPU
		{0DF9C704-2D43-4F45-9BAE-563AE65BD13B}.Release|Any CPU.ActiveCfg = Release|Any CPU
		{0DF9C704-2D43-4F45-9BAE-563AE65BD13B}.Release|Any CPU.Build.0 = Release|Any CPU
	EndGlobalSection
	GlobalSection(SolutionProperties) = preSolution
		HideSolutionNode = FALSE
	EndGlobalSection
	GlobalSection(ExtensibilityGlobals) = postSolution
		SolutionGuid = {E105B713-BEB2-4294-8BAD-5C75391DBE42}
	EndGlobalSection
EndGlobal
